
Microsoft Visual Studio Solution File, Format Version 12.00
# Visual Studio Version 16
VisualStudioVersion = 16.0.31112.23
MinimumVisualStudioVersion = 10.0.40219.1
Project("{FAE04EC0-301F-11D3-BF4B-00C04F79EFBC}") = "BeeNotifiedMobile.Android", "BeeNotifiedMobile\BeeNotifiedMobile.Android\BeeNotifiedMobile.Android.csproj", "{38F0FF69-ABAD-4850-AFAE-4088B04EFB40}"
EndProject
Project("{FAE04EC0-301F-11D3-BF4B-00C04F79EFBC}") = "BeeNotifiedMobile.iOS", "BeeNotifiedMobile\BeeNotifiedMobile.iOS\BeeNotifiedMobile.iOS.csproj", "{4DCEBA2C-1CF7-4A41-9EBB-3C84BF2ACF1A}"
EndProject
Project("{FAE04EC0-301F-11D3-BF4B-00C04F79EFBC}") = "BeeNotifiedMobile.UWP", "BeeNotifiedMobile\BeeNotifiedMobile.UWP\BeeNotifiedMobile.UWP.csproj", "{1E14AF50-4DB0-48D5-BE46-9B566BD05591}"
EndProject
Project("{9A19103F-16F7-4668-BE54-9A1E7A4F7556}") = "BeeNotifiedMobile", "BeeNotifiedMobile\BeeNotifiedMobile\BeeNotifiedMobile.csproj", "{871574AF-1D81-4B3B-94AF-441C392BED37}"
EndProject
Global
	GlobalSection(SolutionConfigurationPlatforms) = preSolution
		Ad-Hoc|Any CPU = Ad-Hoc|Any CPU
		Ad-Hoc|ARM = Ad-Hoc|ARM
		Ad-Hoc|iPhone = Ad-Hoc|iPhone
		Ad-Hoc|iPhoneSimulator = Ad-Hoc|iPhoneSimulator
		Ad-Hoc|x64 = Ad-Hoc|x64
		Ad-Hoc|x86 = Ad-Hoc|x86
		AppStore|Any CPU = AppStore|Any CPU
		AppStore|ARM = AppStore|ARM
		AppStore|iPhone = AppStore|iPhone
		AppStore|iPhoneSimulator = AppStore|iPhoneSimulator
		AppStore|x64 = AppStore|x64
		AppStore|x86 = AppStore|x86
		Debug|Any CPU = Debug|Any CPU
		Debug|ARM = Debug|ARM
		Debug|iPhone = Debug|iPhone
		Debug|iPhoneSimulator = Debug|iPhoneSimulator
		Debug|x64 = Debug|x64
		Debug|x86 = Debug|x86
		Release|Any CPU = Release|Any CPU
		Release|ARM = Release|ARM
		Release|iPhone = Release|iPhone
		Release|iPhoneSimulator = Release|iPhoneSimulator
		Release|x64 = Release|x64
		Release|x86 = Release|x86
	EndGlobalSection
	GlobalSection(ProjectConfigurationPlatforms) = postSolution
		{38F0FF69-ABAD-4850-AFAE-4088B04EFB40}.Ad-Hoc|Any CPU.ActiveCfg = Release|Any CPU
		{38F0FF69-ABAD-4850-AFAE-4088B04EFB40}.Ad-Hoc|Any CPU.Build.0 = Release|Any CPU
		{38F0FF69-ABAD-4850-AFAE-4088B04EFB40}.Ad-Hoc|Any CPU.Deploy.0 = Release|Any CPU
		{38F0FF69-ABAD-4850-AFAE-4088B04EFB40}.Ad-Hoc|ARM.ActiveCfg = Release|Any CPU
		{38F0FF69-ABAD-4850-AFAE-4088B04EFB40}.Ad-Hoc|ARM.Build.0 = Release|Any CPU
		{38F0FF69-ABAD-4850-AFAE-4088B04EFB40}.Ad-Hoc|ARM.Deploy.0 = Release|Any CPU
		{38F0FF69-ABAD-4850-AFAE-4088B04EFB40}.Ad-Hoc|iPhone.ActiveCfg = Release|Any CPU
		{38F0FF69-ABAD-4850-AFAE-4088B04EFB40}.Ad-Hoc|iPhone.Build.0 = Release|Any CPU
		{38F0FF69-ABAD-4850-AFAE-4088B04EFB40}.Ad-Hoc|iPhone.Deploy.0 = Release|Any CPU
		{38F0FF69-ABAD-4850-AFAE-4088B04EFB40}.Ad-Hoc|iPhoneSimulator.ActiveCfg = Release|Any CPU
		{38F0FF69-ABAD-4850-AFAE-4088B04EFB40}.Ad-Hoc|iPhoneSimulator.Build.0 = Release|Any CPU
		{38F0FF69-ABAD-4850-AFAE-4088B04EFB40}.Ad-Hoc|iPhoneSimulator.Deploy.0 = Release|Any CPU
		{38F0FF69-ABAD-4850-AFAE-4088B04EFB40}.Ad-Hoc|x64.ActiveCfg = Release|Any CPU
		{38F0FF69-ABAD-4850-AFAE-4088B04EFB40}.Ad-Hoc|x64.Build.0 = Release|Any CPU
		{38F0FF69-ABAD-4850-AFAE-4088B04EFB40}.Ad-Hoc|x64.Deploy.0 = Release|Any CPU
		{38F0FF69-ABAD-4850-AFAE-4088B04EFB40}.Ad-Hoc|x86.ActiveCfg = Release|Any CPU
		{38F0FF69-ABAD-4850-AFAE-4088B04EFB40}.Ad-Hoc|x86.Build.0 = Release|Any CPU
		{38F0FF69-ABAD-4850-AFAE-4088B04EFB40}.Ad-Hoc|x86.Deploy.0 = Release|Any CPU
		{38F0FF69-ABAD-4850-AFAE-4088B04EFB40}.AppStore|Any CPU.ActiveCfg = Release|Any CPU
		{38F0FF69-ABAD-4850-AFAE-4088B04EFB40}.AppStore|Any CPU.Build.0 = Release|Any CPU
		{38F0FF69-ABAD-4850-AFAE-4088B04EFB40}.AppStore|Any CPU.Deploy.0 = Release|Any CPU
		{38F0FF69-ABAD-4850-AFAE-4088B04EFB40}.AppStore|ARM.ActiveCfg = Release|Any CPU
		{38F0FF69-ABAD-4850-AFAE-4088B04EFB40}.AppStore|ARM.Build.0 = Release|Any CPU
		{38F0FF69-ABAD-4850-AFAE-4088B04EFB40}.AppStore|ARM.Deploy.0 = Release|Any CPU
		{38F0FF69-ABAD-4850-AFAE-4088B04EFB40}.AppStore|iPhone.ActiveCfg = Release|Any CPU
		{38F0FF69-ABAD-4850-AFAE-4088B04EFB40}.AppStore|iPhone.Build.0 = Release|Any CPU
		{38F0FF69-ABAD-4850-AFAE-4088B04EFB40}.AppStore|iPhone.Deploy.0 = Release|Any CPU
		{38F0FF69-ABAD-4850-AFAE-4088B04EFB40}.AppStore|iPhoneSimulator.ActiveCfg = Release|Any CPU
		{38F0FF69-ABAD-4850-AFAE-4088B04EFB40}.AppStore|iPhoneSimulator.Build.0 = Release|Any CPU
		{38F0FF69-ABAD-4850-AFAE-4088B04EFB40}.AppStore|iPhoneSimulator.Deploy.0 = Release|Any CPU
		{38F0FF69-ABAD-4850-AFAE-4088B04EFB40}.AppStore|x64.ActiveCfg = Release|Any CPU
		{38F0FF69-ABAD-4850-AFAE-4088B04EFB40}.AppStore|x64.Build.0 = Release|Any CPU
		{38F0FF69-ABAD-4850-AFAE-4088B04EFB40}.AppStore|x64.Deploy.0 = Release|Any CPU
		{38F0FF69-ABAD-4850-AFAE-4088B04EFB40}.AppStore|x86.ActiveCfg = Release|Any CPU
		{38F0FF69-ABAD-4850-AFAE-4088B04EFB40}.AppStore|x86.Build.0 = Release|Any CPU
		{38F0FF69-ABAD-4850-AFAE-4088B04EFB40}.AppStore|x86.Deploy.0 = Release|Any CPU
		{38F0FF69-ABAD-4850-AFAE-4088B04EFB40}.Debug|Any CPU.ActiveCfg = Debug|Any CPU
		{38F0FF69-ABAD-4850-AFAE-4088B04EFB40}.Debug|Any CPU.Build.0 = Debug|Any CPU
		{38F0FF69-ABAD-4850-AFAE-4088B04EFB40}.Debug|Any CPU.Deploy.0 = Debug|Any CPU
		{38F0FF69-ABAD-4850-AFAE-4088B04EFB40}.Debug|ARM.ActiveCfg = Debug|Any CPU
		{38F0FF69-ABAD-4850-AFAE-4088B04EFB40}.Debug|ARM.Build.0 = Debug|Any CPU
		{38F0FF69-ABAD-4850-AFAE-4088B04EFB40}.Debug|ARM.Deploy.0 = Debug|Any CPU
		{38F0FF69-ABAD-4850-AFAE-4088B04EFB40}.Debug|iPhone.ActiveCfg = Debug|Any CPU
		{38F0FF69-ABAD-4850-AFAE-4088B04EFB40}.Debug|iPhone.Build.0 = Debug|Any CPU
		{38F0FF69-ABAD-4850-AFAE-4088B04EFB40}.Debug|iPhone.Deploy.0 = Debug|Any CPU
		{38F0FF69-ABAD-4850-AFAE-4088B04EFB40}.Debug|iPhoneSimulator.ActiveCfg = Debug|Any CPU
		{38F0FF69-ABAD-4850-AFAE-4088B04EFB40}.Debug|iPhoneSimulator.Build.0 = Debug|Any CPU
		{38F0FF69-ABAD-4850-AFAE-4088B04EFB40}.Debug|iPhoneSimulator.Deploy.0 = Debug|Any CPU
		{38F0FF69-ABAD-4850-AFAE-4088B04EFB40}.Debug|x64.ActiveCfg = Debug|Any CPU
		{38F0FF69-ABAD-4850-AFAE-4088B04EFB40}.Debug|x64.Build.0 = Debug|Any CPU
		{38F0FF69-ABAD-4850-AFAE-4088B04EFB40}.Debug|x64.Deploy.0 = Debug|Any CPU
		{38F0FF69-ABAD-4850-AFAE-4088B04EFB40}.Debug|x86.ActiveCfg = Debug|Any CPU
		{38F0FF69-ABAD-4850-AFAE-4088B04EFB40}.Debug|x86.Build.0 = Debug|Any CPU
		{38F0FF69-ABAD-4850-AFAE-4088B04EFB40}.Debug|x86.Deploy.0 = Debug|Any CPU
		{38F0FF69-ABAD-4850-AFAE-4088B04EFB40}.Release|Any CPU.ActiveCfg = Release|Any CPU
		{38F0FF69-ABAD-4850-AFAE-4088B04EFB40}.Release|Any CPU.Build.0 = Release|Any CPU
		{38F0FF69-ABAD-4850-AFAE-4088B04EFB40}.Release|Any CPU.Deploy.0 = Release|Any CPU
		{38F0FF69-ABAD-4850-AFAE-4088B04EFB40}.Release|ARM.ActiveCfg = Release|Any CPU
		{38F0FF69-ABAD-4850-AFAE-4088B04EFB40}.Release|ARM.Build.0 = Release|Any CPU
		{38F0FF69-ABAD-4850-AFAE-4088B04EFB40}.Release|ARM.Deploy.0 = Release|Any CPU
		{38F0FF69-ABAD-4850-AFAE-4088B04EFB40}.Release|iPhone.ActiveCfg = Release|Any CPU
		{38F0FF69-ABAD-4850-AFAE-4088B04EFB40}.Release|iPhone.Build.0 = Release|Any CPU
		{38F0FF69-ABAD-4850-AFAE-4088B04EFB40}.Release|iPhone.Deploy.0 = Release|Any CPU
		{38F0FF69-ABAD-4850-AFAE-4088B04EFB40}.Release|iPhoneSimulator.ActiveCfg = Release|Any CPU
		{38F0FF69-ABAD-4850-AFAE-4088B04EFB40}.Release|iPhoneSimulator.Build.0 = Release|Any CPU
		{38F0FF69-ABAD-4850-AFAE-4088B04EFB40}.Release|iPhoneSimulator.Deploy.0 = Release|Any CPU
		{38F0FF69-ABAD-4850-AFAE-4088B04EFB40}.Release|x64.ActiveCfg = Release|Any CPU
		{38F0FF69-ABAD-4850-AFAE-4088B04EFB40}.Release|x64.Build.0 = Release|Any CPU
		{38F0FF69-ABAD-4850-AFAE-4088B04EFB40}.Release|x64.Deploy.0 = Release|Any CPU
		{38F0FF69-ABAD-4850-AFAE-4088B04EFB40}.Release|x86.ActiveCfg = Release|Any CPU
		{38F0FF69-ABAD-4850-AFAE-4088B04EFB40}.Release|x86.Build.0 = Release|Any CPU
		{38F0FF69-ABAD-4850-AFAE-4088B04EFB40}.Release|x86.Deploy.0 = Release|Any CPU
		{4DCEBA2C-1CF7-4A41-9EBB-3C84BF2ACF1A}.Ad-Hoc|Any CPU.ActiveCfg = Ad-Hoc|iPhone
		{4DCEBA2C-1CF7-4A41-9EBB-3C84BF2ACF1A}.Ad-Hoc|Any CPU.Build.0 = Ad-Hoc|iPhone
		{4DCEBA2C-1CF7-4A41-9EBB-3C84BF2ACF1A}.Ad-Hoc|Any CPU.Deploy.0 = Ad-Hoc|iPhone
		{4DCEBA2C-1CF7-4A41-9EBB-3C84BF2ACF1A}.Ad-Hoc|ARM.ActiveCfg = Ad-Hoc|iPhone
		{4DCEBA2C-1CF7-4A41-9EBB-3C84BF2ACF1A}.Ad-Hoc|ARM.Build.0 = Ad-Hoc|iPhone
		{4DCEBA2C-1CF7-4A41-9EBB-3C84BF2ACF1A}.Ad-Hoc|ARM.Deploy.0 = Ad-Hoc|iPhone
		{4DCEBA2C-1CF7-4A41-9EBB-3C84BF2ACF1A}.Ad-Hoc|iPhone.ActiveCfg = Ad-Hoc|iPhone
		{4DCEBA2C-1CF7-4A41-9EBB-3C84BF2ACF1A}.Ad-Hoc|iPhone.Build.0 = Ad-Hoc|iPhone
		{4DCEBA2C-1CF7-4A41-9EBB-3C84BF2ACF1A}.Ad-Hoc|iPhone.Deploy.0 = Ad-Hoc|iPhone
		{4DCEBA2C-1CF7-4A41-9EBB-3C84BF2ACF1A}.Ad-Hoc|iPhoneSimulator.ActiveCfg = Ad-Hoc|iPhoneSimulator
		{4DCEBA2C-1CF7-4A41-9EBB-3C84BF2ACF1A}.Ad-Hoc|iPhoneSimulator.Build.0 = Ad-Hoc|iPhoneSimulator
		{4DCEBA2C-1CF7-4A41-9EBB-3C84BF2ACF1A}.Ad-Hoc|iPhoneSimulator.Deploy.0 = Ad-Hoc|iPhoneSimulator
		{4DCEBA2C-1CF7-4A41-9EBB-3C84BF2ACF1A}.Ad-Hoc|x64.ActiveCfg = Ad-Hoc|iPhone
		{4DCEBA2C-1CF7-4A41-9EBB-3C84BF2ACF1A}.Ad-Hoc|x64.Build.0 = Ad-Hoc|iPhone
		{4DCEBA2C-1CF7-4A41-9EBB-3C84BF2ACF1A}.Ad-Hoc|x64.Deploy.0 = Ad-Hoc|iPhone
		{4DCEBA2C-1CF7-4A41-9EBB-3C84BF2ACF1A}.Ad-Hoc|x86.ActiveCfg = Ad-Hoc|iPhone
		{4DCEBA2C-1CF7-4A41-9EBB-3C84BF2ACF1A}.Ad-Hoc|x86.Build.0 = Ad-Hoc|iPhone
		{4DCEBA2C-1CF7-4A41-9EBB-3C84BF2ACF1A}.Ad-Hoc|x86.Deploy.0 = Ad-Hoc|iPhone
		{4DCEBA2C-1CF7-4A41-9EBB-3C84BF2ACF1A}.AppStore|Any CPU.ActiveCfg = AppStore|iPhone
		{4DCEBA2C-1CF7-4A41-9EBB-3C84BF2ACF1A}.AppStore|Any CPU.Build.0 = AppStore|iPhone
		{4DCEBA2C-1CF7-4A41-9EBB-3C84BF2ACF1A}.AppStore|Any CPU.Deploy.0 = AppStore|iPhone
		{4DCEBA2C-1CF7-4A41-9EBB-3C84BF2ACF1A}.AppStore|ARM.ActiveCfg = AppStore|iPhone
		{4DCEBA2C-1CF7-4A41-9EBB-3C84BF2ACF1A}.AppStore|ARM.Build.0 = AppStore|iPhone
		{4DCEBA2C-1CF7-4A41-9EBB-3C84BF2ACF1A}.AppStore|ARM.Deploy.0 = AppStore|iPhone
		{4DCEBA2C-1CF7-4A41-9EBB-3C84BF2ACF1A}.AppStore|iPhone.ActiveCfg = AppStore|iPhone
		{4DCEBA2C-1CF7-4A41-9EBB-3C84BF2ACF1A}.AppStore|iPhone.Build.0 = AppStore|iPhone
		{4DCEBA2C-1CF7-4A41-9EBB-3C84BF2ACF1A}.AppStore|iPhone.Deploy.0 = AppStore|iPhone
		{4DCEBA2C-1CF7-4A41-9EBB-3C84BF2ACF1A}.AppStore|iPhoneSimulator.ActiveCfg = AppStore|iPhoneSimulator
		{4DCEBA2C-1CF7-4A41-9EBB-3C84BF2ACF1A}.AppStore|iPhoneSimulator.Build.0 = AppStore|iPhoneSimulator
		{4DCEBA2C-1CF7-4A41-9EBB-3C84BF2ACF1A}.AppStore|iPhoneSimulator.Deploy.0 = AppStore|iPhoneSimulator
		{4DCEBA2C-1CF7-4A41-9EBB-3C84BF2ACF1A}.AppStore|x64.ActiveCfg = AppStore|iPhone
		{4DCEBA2C-1CF7-4A41-9EBB-3C84BF2ACF1A}.AppStore|x64.Build.0 = AppStore|iPhone
		{4DCEBA2C-1CF7-4A41-9EBB-3C84BF2ACF1A}.AppStore|x64.Deploy.0 = AppStore|iPhone
		{4DCEBA2C-1CF7-4A41-9EBB-3C84BF2ACF1A}.AppStore|x86.ActiveCfg = AppStore|iPhone
		{4DCEBA2C-1CF7-4A41-9EBB-3C84BF2ACF1A}.AppStore|x86.Build.0 = AppStore|iPhone
		{4DCEBA2C-1CF7-4A41-9EBB-3C84BF2ACF1A}.AppStore|x86.Deploy.0 = AppStore|iPhone
		{4DCEBA2C-1CF7-4A41-9EBB-3C84BF2ACF1A}.Debug|Any CPU.ActiveCfg = Debug|iPhoneSimulator
		{4DCEBA2C-1CF7-4A41-9EBB-3C84BF2ACF1A}.Debug|Any CPU.Build.0 = Debug|iPhoneSimulator
		{4DCEBA2C-1CF7-4A41-9EBB-3C84BF2ACF1A}.Debug|Any CPU.Deploy.0 = Debug|iPhoneSimulator
		{4DCEBA2C-1CF7-4A41-9EBB-3C84BF2ACF1A}.Debug|ARM.ActiveCfg = Debug|iPhone
		{4DCEBA2C-1CF7-4A41-9EBB-3C84BF2ACF1A}.Debug|ARM.Build.0 = Debug|iPhone
		{4DCEBA2C-1CF7-4A41-9EBB-3C84BF2ACF1A}.Debug|ARM.Deploy.0 = Debug|iPhone
		{4DCEBA2C-1CF7-4A41-9EBB-3C84BF2ACF1A}.Debug|iPhone.ActiveCfg = Debug|iPhone
		{4DCEBA2C-1CF7-4A41-9EBB-3C84BF2ACF1A}.Debug|iPhone.Build.0 = Debug|iPhone
		{4DCEBA2C-1CF7-4A41-9EBB-3C84BF2ACF1A}.Debug|iPhone.Deploy.0 = Debug|iPhone
		{4DCEBA2C-1CF7-4A41-9EBB-3C84BF2ACF1A}.Debug|iPhoneSimulator.ActiveCfg = Debug|iPhoneSimulator
		{4DCEBA2C-1CF7-4A41-9EBB-3C84BF2ACF1A}.Debug|iPhoneSimulator.Build.0 = Debug|iPhoneSimulator
		{4DCEBA2C-1CF7-4A41-9EBB-3C84BF2ACF1A}.Debug|iPhoneSimulator.Deploy.0 = Debug|iPhoneSimulator
		{4DCEBA2C-1CF7-4A41-9EBB-3C84BF2ACF1A}.Debug|x64.ActiveCfg = Debug|iPhone
		{4DCEBA2C-1CF7-4A41-9EBB-3C84BF2ACF1A}.Debug|x64.Build.0 = Debug|iPhone
		{4DCEBA2C-1CF7-4A41-9EBB-3C84BF2ACF1A}.Debug|x64.Deploy.0 = Debug|iPhone
		{4DCEBA2C-1CF7-4A41-9EBB-3C84BF2ACF1A}.Debug|x86.ActiveCfg = Debug|iPhone
		{4DCEBA2C-1CF7-4A41-9EBB-3C84BF2ACF1A}.Debug|x86.Build.0 = Debug|iPhone
		{4DCEBA2C-1CF7-4A41-9EBB-3C84BF2ACF1A}.Debug|x86.Deploy.0 = Debug|iPhone
		{4DCEBA2C-1CF7-4A41-9EBB-3C84BF2ACF1A}.Release|Any CPU.ActiveCfg = Release|iPhone
		{4DCEBA2C-1CF7-4A41-9EBB-3C84BF2ACF1A}.Release|Any CPU.Build.0 = Release|iPhone
		{4DCEBA2C-1CF7-4A41-9EBB-3C84BF2ACF1A}.Release|Any CPU.Deploy.0 = Release|iPhone
		{4DCEBA2C-1CF7-4A41-9EBB-3C84BF2ACF1A}.Release|ARM.ActiveCfg = Release|iPhone
		{4DCEBA2C-1CF7-4A41-9EBB-3C84BF2ACF1A}.Release|ARM.Build.0 = Release|iPhone
		{4DCEBA2C-1CF7-4A41-9EBB-3C84BF2ACF1A}.Release|ARM.Deploy.0 = Release|iPhone
		{4DCEBA2C-1CF7-4A41-9EBB-3C84BF2ACF1A}.Release|iPhone.ActiveCfg = Release|iPhone
		{4DCEBA2C-1CF7-4A41-9EBB-3C84BF2ACF1A}.Release|iPhone.Build.0 = Release|iPhone
		{4DCEBA2C-1CF7-4A41-9EBB-3C84BF2ACF1A}.Release|iPhone.Deploy.0 = Release|iPhone
		{4DCEBA2C-1CF7-4A41-9EBB-3C84BF2ACF1A}.Release|iPhoneSimulator.ActiveCfg = Release|iPhoneSimulator
		{4DCEBA2C-1CF7-4A41-9EBB-3C84BF2ACF1A}.Release|iPhoneSimulator.Build.0 = Release|iPhoneSimulator
		{4DCEBA2C-1CF7-4A41-9EBB-3C84BF2ACF1A}.Release|iPhoneSimulator.Deploy.0 = Release|iPhoneSimulator
		{4DCEBA2C-1CF7-4A41-9EBB-3C84BF2ACF1A}.Release|x64.ActiveCfg = Release|iPhone
		{4DCEBA2C-1CF7-4A41-9EBB-3C84BF2ACF1A}.Release|x64.Build.0 = Release|iPhone
		{4DCEBA2C-1CF7-4A41-9EBB-3C84BF2ACF1A}.Release|x64.Deploy.0 = Release|iPhone
		{4DCEBA2C-1CF7-4A41-9EBB-3C84BF2ACF1A}.Release|x86.ActiveCfg = Release|iPhone
		{4DCEBA2C-1CF7-4A41-9EBB-3C84BF2ACF1A}.Release|x86.Build.0 = Release|iPhone
		{4DCEBA2C-1CF7-4A41-9EBB-3C84BF2ACF1A}.Release|x86.Deploy.0 = Release|iPhone
		{1E14AF50-4DB0-48D5-BE46-9B566BD05591}.Ad-Hoc|Any CPU.ActiveCfg = Release|x86
		{1E14AF50-4DB0-48D5-BE46-9B566BD05591}.Ad-Hoc|Any CPU.Build.0 = Release|x86
		{1E14AF50-4DB0-48D5-BE46-9B566BD05591}.Ad-Hoc|Any CPU.Deploy.0 = Release|x86
		{1E14AF50-4DB0-48D5-BE46-9B566BD05591}.Ad-Hoc|ARM.ActiveCfg = Release|ARM
		{1E14AF50-4DB0-48D5-BE46-9B566BD05591}.Ad-Hoc|ARM.Build.0 = Release|ARM
		{1E14AF50-4DB0-48D5-BE46-9B566BD05591}.Ad-Hoc|ARM.Deploy.0 = Release|ARM
		{1E14AF50-4DB0-48D5-BE46-9B566BD05591}.Ad-Hoc|iPhone.ActiveCfg = Release|x86
		{1E14AF50-4DB0-48D5-BE46-9B566BD05591}.Ad-Hoc|iPhone.Build.0 = Release|x86
		{1E14AF50-4DB0-48D5-BE46-9B566BD05591}.Ad-Hoc|iPhone.Deploy.0 = Release|x86
		{1E14AF50-4DB0-48D5-BE46-9B566BD05591}.Ad-Hoc|iPhoneSimulator.ActiveCfg = Release|x86
		{1E14AF50-4DB0-48D5-BE46-9B566BD05591}.Ad-Hoc|iPhoneSimulator.Build.0 = Release|x86
		{1E14AF50-4DB0-48D5-BE46-9B566BD05591}.Ad-Hoc|iPhoneSimulator.Deploy.0 = Release|x86
		{1E14AF50-4DB0-48D5-BE46-9B566BD05591}.Ad-Hoc|x64.ActiveCfg = Release|x64
		{1E14AF50-4DB0-48D5-BE46-9B566BD05591}.Ad-Hoc|x64.Build.0 = Release|x64
		{1E14AF50-4DB0-48D5-BE46-9B566BD05591}.Ad-Hoc|x64.Deploy.0 = Release|x64
		{1E14AF50-4DB0-48D5-BE46-9B566BD05591}.Ad-Hoc|x86.ActiveCfg = Release|x86
		{1E14AF50-4DB0-48D5-BE46-9B566BD05591}.Ad-Hoc|x86.Build.0 = Release|x86
		{1E14AF50-4DB0-48D5-BE46-9B566BD05591}.Ad-Hoc|x86.Deploy.0 = Release|x86
		{1E14AF50-4DB0-48D5-BE46-9B566BD05591}.AppStore|Any CPU.ActiveCfg = Release|x86
		{1E14AF50-4DB0-48D5-BE46-9B566BD05591}.AppStore|Any CPU.Build.0 = Release|x86
		{1E14AF50-4DB0-48D5-BE46-9B566BD05591}.AppStore|Any CPU.Deploy.0 = Release|x86
		{1E14AF50-4DB0-48D5-BE46-9B566BD05591}.AppStore|ARM.ActiveCfg = Release|ARM
		{1E14AF50-4DB0-48D5-BE46-9B566BD05591}.AppStore|ARM.Build.0 = Release|ARM
		{1E14AF50-4DB0-48D5-BE46-9B566BD05591}.AppStore|ARM.Deploy.0 = Release|ARM
		{1E14AF50-4DB0-48D5-BE46-9B566BD05591}.AppStore|iPhone.ActiveCfg = Release|x86
		{1E14AF50-4DB0-48D5-BE46-9B566BD05591}.AppStore|iPhone.Build.0 = Release|x86
		{1E14AF50-4DB0-48D5-BE46-9B566BD05591}.AppStore|iPhone.Deploy.0 = Release|x86
		{1E14AF50-4DB0-48D5-BE46-9B566BD05591}.AppStore|iPhoneSimulator.ActiveCfg = Release|x86
		{1E14AF50-4DB0-48D5-BE46-9B566BD05591}.AppStore|iPhoneSimulator.Build.0 = Release|x86
		{1E14AF50-4DB0-48D5-BE46-9B566BD05591}.AppStore|iPhoneSimulator.Deploy.0 = Release|x86
		{1E14AF50-4DB0-48D5-BE46-9B566BD05591}.AppStore|x64.ActiveCfg = Release|x64
		{1E14AF50-4DB0-48D5-BE46-9B566BD05591}.AppStore|x64.Build.0 = Release|x64
		{1E14AF50-4DB0-48D5-BE46-9B566BD05591}.AppStore|x64.Deploy.0 = Release|x64
		{1E14AF50-4DB0-48D5-BE46-9B566BD05591}.AppStore|x86.ActiveCfg = Release|x86
		{1E14AF50-4DB0-48D5-BE46-9B566BD05591}.AppStore|x86.Build.0 = Release|x86
		{1E14AF50-4DB0-48D5-BE46-9B566BD05591}.AppStore|x86.Deploy.0 = Release|x86
		{1E14AF50-4DB0-48D5-BE46-9B566BD05591}.Debug|Any CPU.ActiveCfg = Debug|x86
		{1E14AF50-4DB0-48D5-BE46-9B566BD05591}.Debug|Any CPU.Build.0 = Debug|x86
		{1E14AF50-4DB0-48D5-BE46-9B566BD05591}.Debug|Any CPU.Deploy.0 = Debug|x86
		{1E14AF50-4DB0-48D5-BE46-9B566BD05591}.Debug|ARM.ActiveCfg = Debug|ARM
		{1E14AF50-4DB0-48D5-BE46-9B566BD05591}.Debug|ARM.Build.0 = Debug|ARM
		{1E14AF50-4DB0-48D5-BE46-9B566BD05591}.Debug|ARM.Deploy.0 = Debug|ARM
		{1E14AF50-4DB0-48D5-BE46-9B566BD05591}.Debug|iPhone.ActiveCfg = Debug|x86
		{1E14AF50-4DB0-48D5-BE46-9B566BD05591}.Debug|iPhone.Build.0 = Debug|x86
		{1E14AF50-4DB0-48D5-BE46-9B566BD05591}.Debug|iPhone.Deploy.0 = Debug|x86
		{1E14AF50-4DB0-48D5-BE46-9B566BD05591}.Debug|iPhoneSimulator.ActiveCfg = Debug|x86
		{1E14AF50-4DB0-48D5-BE46-9B566BD05591}.Debug|iPhoneSimulator.Build.0 = Debug|x86
		{1E14AF50-4DB0-48D5-BE46-9B566BD05591}.Debug|iPhoneSimulator.Deploy.0 = Debug|x86
		{1E14AF50-4DB0-48D5-BE46-9B566BD05591}.Debug|x64.ActiveCfg = Debug|x64
		{1E14AF50-4DB0-48D5-BE46-9B566BD05591}.Debug|x64.Build.0 = Debug|x64
		{1E14AF50-4DB0-48D5-BE46-9B566BD05591}.Debug|x64.Deploy.0 = Debug|x64
		{1E14AF50-4DB0-48D5-BE46-9B566BD05591}.Debug|x86.ActiveCfg = Debug|x86
		{1E14AF50-4DB0-48D5-BE46-9B566BD05591}.Debug|x86.Build.0 = Debug|x86
		{1E14AF50-4DB0-48D5-BE46-9B566BD05591}.Debug|x86.Deploy.0 = Debug|x86
		{1E14AF50-4DB0-48D5-BE46-9B566BD05591}.Release|Any CPU.ActiveCfg = Release|x86
		{1E14AF50-4DB0-48D5-BE46-9B566BD05591}.Release|Any CPU.Build.0 = Release|x86
		{1E14AF50-4DB0-48D5-BE46-9B566BD05591}.Release|Any CPU.Deploy.0 = Release|x86
		{1E14AF50-4DB0-48D5-BE46-9B566BD05591}.Release|ARM.ActiveCfg = Release|ARM
		{1E14AF50-4DB0-48D5-BE46-9B566BD05591}.Release|ARM.Build.0 = Release|ARM
		{1E14AF50-4DB0-48D5-BE46-9B566BD05591}.Release|ARM.Deploy.0 = Release|ARM
		{1E14AF50-4DB0-48D5-BE46-9B566BD05591}.Release|iPhone.ActiveCfg = Release|x86
		{1E14AF50-4DB0-48D5-BE46-9B566BD05591}.Release|iPhone.Build.0 = Release|x86
		{1E14AF50-4DB0-48D5-BE46-9B566BD05591}.Release|iPhone.Deploy.0 = Release|x86
		{1E14AF50-4DB0-48D5-BE46-9B566BD05591}.Release|iPhoneSimulator.ActiveCfg = Release|x86
		{1E14AF50-4DB0-48D5-BE46-9B566BD05591}.Release|iPhoneSimulator.Build.0 = Release|x86
		{1E14AF50-4DB0-48D5-BE46-9B566BD05591}.Release|iPhoneSimulator.Deploy.0 = Release|x86
		{1E14AF50-4DB0-48D5-BE46-9B566BD05591}.Release|x64.ActiveCfg = Release|x64
		{1E14AF50-4DB0-48D5-BE46-9B566BD05591}.Release|x64.Build.0 = Release|x64
		{1E14AF50-4DB0-48D5-BE46-9B566BD05591}.Release|x64.Deploy.0 = Release|x64
		{1E14AF50-4DB0-48D5-BE46-9B566BD05591}.Release|x86.ActiveCfg = Release|x86
		{1E14AF50-4DB0-48D5-BE46-9B566BD05591}.Release|x86.Build.0 = Release|x86
		{1E14AF50-4DB0-48D5-BE46-9B566BD05591}.Release|x86.Deploy.0 = Release|x86
		{871574AF-1D81-4B3B-94AF-441C392BED37}.Ad-Hoc|Any CPU.ActiveCfg = Debug|Any CPU
		{871574AF-1D81-4B3B-94AF-441C392BED37}.Ad-Hoc|Any CPU.Build.0 = Debug|Any CPU
		{871574AF-1D81-4B3B-94AF-441C392BED37}.Ad-Hoc|Any CPU.Deploy.0 = Debug|Any CPU
		{871574AF-1D81-4B3B-94AF-441C392BED37}.Ad-Hoc|ARM.ActiveCfg = Debug|Any CPU
		{871574AF-1D81-4B3B-94AF-441C392BED37}.Ad-Hoc|ARM.Build.0 = Debug|Any CPU
		{871574AF-1D81-4B3B-94AF-441C392BED37}.Ad-Hoc|ARM.Deploy.0 = Debug|Any CPU
		{871574AF-1D81-4B3B-94AF-441C392BED37}.Ad-Hoc|iPhone.ActiveCfg = Debug|Any CPU
		{871574AF-1D81-4B3B-94AF-441C392BED37}.Ad-Hoc|iPhone.Build.0 = Debug|Any CPU
		{871574AF-1D81-4B3B-94AF-441C392BED37}.Ad-Hoc|iPhone.Deploy.0 = Debug|Any CPU
		{871574AF-1D81-4B3B-94AF-441C392BED37}.Ad-Hoc|iPhoneSimulator.ActiveCfg = Debug|Any CPU
		{871574AF-1D81-4B3B-94AF-441C392BED37}.Ad-Hoc|iPhoneSimulator.Build.0 = Debug|Any CPU
		{871574AF-1D81-4B3B-94AF-441C392BED37}.Ad-Hoc|iPhoneSimulator.Deploy.0 = Debug|Any CPU
		{871574AF-1D81-4B3B-94AF-441C392BED37}.Ad-Hoc|x64.ActiveCfg = Debug|Any CPU
		{871574AF-1D81-4B3B-94AF-441C392BED37}.Ad-Hoc|x64.Build.0 = Debug|Any CPU
		{871574AF-1D81-4B3B-94AF-441C392BED37}.Ad-Hoc|x64.Deploy.0 = Debug|Any CPU
		{871574AF-1D81-4B3B-94AF-441C392BED37}.Ad-Hoc|x86.ActiveCfg = Debug|Any CPU
		{871574AF-1D81-4B3B-94AF-441C392BED37}.Ad-Hoc|x86.Build.0 = Debug|Any CPU
		{871574AF-1D81-4B3B-94AF-441C392BED37}.Ad-Hoc|x86.Deploy.0 = Debug|Any CPU
		{871574AF-1D81-4B3B-94AF-441C392BED37}.AppStore|Any CPU.ActiveCfg = Debug|Any CPU
		{871574AF-1D81-4B3B-94AF-441C392BED37}.AppStore|Any CPU.Build.0 = Debug|Any CPU
		{871574AF-1D81-4B3B-94AF-441C392BED37}.AppStore|Any CPU.Deploy.0 = Debug|Any CPU
		{871574AF-1D81-4B3B-94AF-441C392BED37}.AppStore|ARM.ActiveCfg = Debug|Any CPU
		{871574AF-1D81-4B3B-94AF-441C392BED37}.AppStore|ARM.Build.0 = Debug|Any CPU
		{871574AF-1D81-4B3B-94AF-441C392BED37}.AppStore|ARM.Deploy.0 = Debug|Any CPU
		{871574AF-1D81-4B3B-94AF-441C392BED37}.AppStore|iPhone.ActiveCfg = Debug|Any CPU
		{871574AF-1D81-4B3B-94AF-441C392BED37}.AppStore|iPhone.Build.0 = Debug|Any CPU
		{871574AF-1D81-4B3B-94AF-441C392BED37}.AppStore|iPhone.Deploy.0 = Debug|Any CPU
		{871574AF-1D81-4B3B-94AF-441C392BED37}.AppStore|iPhoneSimulator.ActiveCfg = Debug|Any CPU
		{871574AF-1D81-4B3B-94AF-441C392BED37}.AppStore|iPhoneSimulator.Build.0 = Debug|Any CPU
		{871574AF-1D81-4B3B-94AF-441C392BED37}.AppStore|iPhoneSimulator.Deploy.0 = Debug|Any CPU
		{871574AF-1D81-4B3B-94AF-441C392BED37}.AppStore|x64.ActiveCfg = Debug|Any CPU
		{871574AF-1D81-4B3B-94AF-441C392BED37}.AppStore|x64.Build.0 = Debug|Any CPU
		{871574AF-1D81-4B3B-94AF-441C392BED37}.AppStore|x64.Deploy.0 = Debug|Any CPU
		{871574AF-1D81-4B3B-94AF-441C392BED37}.AppStore|x86.ActiveCfg = Debug|Any CPU
		{871574AF-1D81-4B3B-94AF-441C392BED37}.AppStore|x86.Build.0 = Debug|Any CPU
		{871574AF-1D81-4B3B-94AF-441C392BED37}.AppStore|x86.Deploy.0 = Debug|Any CPU
		{871574AF-1D81-4B3B-94AF-441C392BED37}.Debug|Any CPU.ActiveCfg = Debug|Any CPU
		{871574AF-1D81-4B3B-94AF-441C392BED37}.Debug|Any CPU.Build.0 = Debug|Any CPU
		{871574AF-1D81-4B3B-94AF-441C392BED37}.Debug|Any CPU.Deploy.0 = Debug|Any CPU
		{871574AF-1D81-4B3B-94AF-441C392BED37}.Debug|ARM.ActiveCfg = Debug|Any CPU
		{871574AF-1D81-4B3B-94AF-441C392BED37}.Debug|ARM.Build.0 = Debug|Any CPU
		{871574AF-1D81-4B3B-94AF-441C392BED37}.Debug|ARM.Deploy.0 = Debug|Any CPU
		{871574AF-1D81-4B3B-94AF-441C392BED37}.Debug|iPhone.ActiveCfg = Debug|Any CPU
		{871574AF-1D81-4B3B-94AF-441C392BED37}.Debug|iPhone.Build.0 = Debug|Any CPU
		{871574AF-1D81-4B3B-94AF-441C392BED37}.Debug|iPhone.Deploy.0 = Debug|Any CPU
		{871574AF-1D81-4B3B-94AF-441C392BED37}.Debug|iPhoneSimulator.ActiveCfg = Debug|Any CPU
		{871574AF-1D81-4B3B-94AF-441C392BED37}.Debug|iPhoneSimulator.Build.0 = Debug|Any CPU
		{871574AF-1D81-4B3B-94AF-441C392BED37}.Debug|iPhoneSimulator.Deploy.0 = Debug|Any CPU
		{871574AF-1D81-4B3B-94AF-441C392BED37}.Debug|x64.ActiveCfg = Debug|Any CPU
		{871574AF-1D81-4B3B-94AF-441C392BED37}.Debug|x64.Build.0 = Debug|Any CPU
		{871574AF-1D81-4B3B-94AF-441C392BED37}.Debug|x64.Deploy.0 = Debug|Any CPU
		{871574AF-1D81-4B3B-94AF-441C392BED37}.Debug|x86.ActiveCfg = Debug|Any CPU
		{871574AF-1D81-4B3B-94AF-441C392BED37}.Debug|x86.Build.0 = Debug|Any CPU
		{871574AF-1D81-4B3B-94AF-441C392BED37}.Debug|x86.Deploy.0 = Debug|Any CPU
		{871574AF-1D81-4B3B-94AF-441C392BED37}.Release|Any CPU.ActiveCfg = Release|Any CPU
		{871574AF-1D81-4B3B-94AF-441C392BED37}.Release|Any CPU.Build.0 = Release|Any CPU
		{871574AF-1D81-4B3B-94AF-441C392BED37}.Release|Any CPU.Deploy.0 = Release|Any CPU
		{871574AF-1D81-4B3B-94AF-441C392BED37}.Release|ARM.ActiveCfg = Release|Any CPU
		{871574AF-1D81-4B3B-94AF-441C392BED37}.Release|ARM.Build.0 = Release|Any CPU
		{871574AF-1D81-4B3B-94AF-441C392BED37}.Release|ARM.Deploy.0 = Release|Any CPU
		{871574AF-1D81-4B3B-94AF-441C392BED37}.Release|iPhone.ActiveCfg = Release|Any CPU
		{871574AF-1D81-4B3B-94AF-441C392BED37}.Release|iPhone.Build.0 = Release|Any CPU
		{871574AF-1D81-4B3B-94AF-441C392BED37}.Release|iPhone.Deploy.0 = Release|Any CPU
		{871574AF-1D81-4B3B-94AF-441C392BED37}.Release|iPhoneSimulator.ActiveCfg = Release|Any CPU
		{871574AF-1D81-4B3B-94AF-441C392BED37}.Release|iPhoneSimulator.Build.0 = Release|Any CPU
		{871574AF-1D81-4B3B-94AF-441C392BED37}.Release|iPhoneSimulator.Deploy.0 = Release|Any CPU
		{871574AF-1D81-4B3B-94AF-441C392BED37}.Release|x64.ActiveCfg = Release|Any CPU
		{871574AF-1D81-4B3B-94AF-441C392BED37}.Release|x64.Build.0 = Release|Any CPU
		{871574AF-1D81-4B3B-94AF-441C392BED37}.Release|x64.Deploy.0 = Release|Any CPU
		{871574AF-1D81-4B3B-94AF-441C392BED37}.Release|x86.ActiveCfg = Release|Any CPU
		{871574AF-1D81-4B3B-94AF-441C392BED37}.Release|x86.Build.0 = Release|Any CPU
		{871574AF-1D81-4B3B-94AF-441C392BED37}.Release|x86.Deploy.0 = Release|Any CPU
	EndGlobalSection
	GlobalSection(SolutionProperties) = preSolution
		HideSolutionNode = FALSE
	EndGlobalSection
	GlobalSection(ExtensibilityGlobals) = postSolution
		SolutionGuid = {49A28E8E-678C-4BD3-B7B9-7F00FA11A8A0}
	EndGlobalSection
EndGlobal
